
Microsoft Visual Studio Solution File, Format Version 12.00
# Visual Studio Version 17
VisualStudioVersion = 17.2.32526.322
MinimumVisualStudioVersion = 10.0.40219.1
Project("{FAE04EC0-301F-11D3-BF4B-00C04F79EFBC}") = "Sifreleme", "Sifreleme\Sifreleme.csproj", "{99668FE6-9F53-4839-A307-7144F9C26DB6}"
EndProject
Global
	GlobalSection(SolutionConfigurationPlatforms) = preSolution
		Debug|Any CPU = Debug|Any CPU
		Release|Any CPU = Release|Any CPU
	EndGlobalSection
	GlobalSection(ProjectConfigurationPlatforms) = postSolution
		{99668FE6-9F53-4839-A307-7144F9C26DB6}.Debug|Any CPU.ActiveCfg = Debug|Any CPU
		{99668FE6-9F53-4839-A307-7144F9C26DB6}.Debug|Any CPU.Build.0 = Debug|Any CPU
		{99668FE6-9F53-4839-A307-7144F9C26DB6}.Release|Any CPU.ActiveCfg = Release|Any CPU
		{99668FE6-9F53-4839-A307-7144F9C26DB6}.Release|Any CPU.Build.0 = Release|Any CPU
	EndGlobalSection
	GlobalSection(SolutionProperties) = preSolution
		HideSolutionNode = FALSE
	EndGlobalSection
	GlobalSection(ExtensibilityGlobals) = postSolution
		SolutionGuid = {FE2F9A18-C088-4A75-AC0B-93697A5E2457}
	EndGlobalSection
EndGlobal
